
Microsoft Visual Studio Solution File, Format Version 12.00
# Visual Studio Version 17
VisualStudioVersion = 17.8.34525.116
MinimumVisualStudioVersion = 10.0.40219.1
Project("{FAE04EC0-301F-11D3-BF4B-00C04F79EFBC}") = "TempConv.cs", "TempConv.cs.csproj", "{95EDFBE0-B45E-4200-966B-4EC22CAED225}"
EndProject
Global
	GlobalSection(SolutionConfigurationPlatforms) = preSolution
		Debug|Any CPU = Debug|Any CPU
		Release|Any CPU = Release|Any CPU
	EndGlobalSection
	GlobalSection(ProjectConfigurationPlatforms) = postSolution
		{95EDFBE0-B45E-4200-966B-4EC22CAED225}.Debug|Any CPU.ActiveCfg = Debug|Any CPU
		{95EDFBE0-B45E-4200-966B-4EC22CAED225}.Debug|Any CPU.Build.0 = Debug|Any CPU
		{95EDFBE0-B45E-4200-966B-4EC22CAED225}.Release|Any CPU.ActiveCfg = Release|Any CPU
		{95EDFBE0-B45E-4200-966B-4EC22CAED225}.Release|Any CPU.Build.0 = Release|Any CPU
	EndGlobalSection
	GlobalSection(SolutionProperties) = preSolution
		HideSolutionNode = FALSE
	EndGlobalSection
	GlobalSection(ExtensibilityGlobals) = postSolution
		SolutionGuid = {BFD2F768-3052-42FF-9E8A-DB9467A62067}
	EndGlobalSection
EndGlobal
