
Microsoft Visual Studio Solution File, Format Version 12.00
# Visual Studio Version 17
VisualStudioVersion = 17.8.34525.116
MinimumVisualStudioVersion = 10.0.40219.1
Project("{FAE04EC0-301F-11D3-BF4B-00C04F79EFBC}") = "ConsoleApp1", "ConsoleApp1.csproj", "{1622C269-C4A0-40EA-8062-C3D4266738EF}"
EndProject
Global
	GlobalSection(SolutionConfigurationPlatforms) = preSolution
		Debug|Any CPU = Debug|Any CPU
		Release|Any CPU = Release|Any CPU
	EndGlobalSection
	GlobalSection(ProjectConfigurationPlatforms) = postSolution
		{1622C269-C4A0-40EA-8062-C3D4266738EF}.Debug|Any CPU.ActiveCfg = Debug|Any CPU
		{1622C269-C4A0-40EA-8062-C3D4266738EF}.Debug|Any CPU.Build.0 = Debug|Any CPU
		{1622C269-C4A0-40EA-8062-C3D4266738EF}.Release|Any CPU.ActiveCfg = Release|Any CPU
		{1622C269-C4A0-40EA-8062-C3D4266738EF}.Release|Any CPU.Build.0 = Release|Any CPU
	EndGlobalSection
	GlobalSection(SolutionProperties) = preSolution
		HideSolutionNode = FALSE
	EndGlobalSection
	GlobalSection(ExtensibilityGlobals) = postSolution
		SolutionGuid = {7B7EDA41-37B1-466C-8E80-9252919A16B5}
	EndGlobalSection
EndGlobal
